
Microsoft Visual Studio Solution File, Format Version 12.00
# Visual Studio Version 16
VisualStudioVersion = 16.0.29911.84
MinimumVisualStudioVersion = 10.0.40219.1
Project("{FAE04EC0-301F-11D3-BF4B-00C04F79EFBC}") = "testProduct", "testProduct\testProduct.csproj", "{C522872E-59AF-4E35-831B-9B122D1B3D36}"
EndProject
Global
	GlobalSection(SolutionConfigurationPlatforms) = preSolution
		Debug|Any CPU = Debug|Any CPU
		Release|Any CPU = Release|Any CPU
	EndGlobalSection
	GlobalSection(ProjectConfigurationPlatforms) = postSolution
		{C522872E-59AF-4E35-831B-9B122D1B3D36}.Debug|Any CPU.ActiveCfg = Debug|Any CPU
		{C522872E-59AF-4E35-831B-9B122D1B3D36}.Debug|Any CPU.Build.0 = Debug|Any CPU
		{C522872E-59AF-4E35-831B-9B122D1B3D36}.Release|Any CPU.ActiveCfg = Release|Any CPU
		{C522872E-59AF-4E35-831B-9B122D1B3D36}.Release|Any CPU.Build.0 = Release|Any CPU
	EndGlobalSection
	GlobalSection(SolutionProperties) = preSolution
		HideSolutionNode = FALSE
	EndGlobalSection
	GlobalSection(ExtensibilityGlobals) = postSolution
		SolutionGuid = {D3BE1E24-F528-4B34-8594-C96DE12F4761}
	EndGlobalSection
EndGlobal
